PODS:
  - Realm (0.96.1):
    - Realm/Headers (= 0.96.1)
  - Realm/Headers (0.96.1)
  - RealmSwift (0.96.1):
    - Realm (= 0.96.1)

DEPENDENCIES:
  - RealmSwift

SPEC CHECKSUMS:
  Realm: d05e4621f67fb1c36acd4e573ac5b52a407fc2cc
  RealmSwift: 6c96a72b385027d9593b69f6821c697fe843eb68

COCOAPODS: 0.39.0
