PODS:
  - Realm (0.93.1):
    - Realm/Headers (= 0.93.1)
  - Realm/Headers (0.93.1)
  - RealmSwift (0.93.1):
    - Realm (= 0.93.1)

DEPENDENCIES:
  - RealmSwift (from `https://github.com/realm/realm-cocoa.git`, tag `v0.93.1`)

EXTERNAL SOURCES:
  RealmSwift:
    :git: https://github.com/realm/realm-cocoa.git
    :tag: v0.93.1

CHECKOUT OPTIONS:
  RealmSwift:
    :git: https://github.com/realm/realm-cocoa.git
    :tag: v0.93.1

SPEC CHECKSUMS:
  Realm: 694b93846a0772c904f9e0cc3559d1bc856d931e
  RealmSwift: feeac2930716d9a04ba45637add4abe994fa05fd

COCOAPODS: 0.37.2
